
Microsoft Visual Studio Solution File, Format Version 12.00
# Visual Studio 14
VisualStudioVersion = 14.0.25420.1
MinimumVisualStudioVersion = 10.0.40219.1
Project("{FAE04EC0-301F-11D3-BF4B-00C04F79EFBC}") = "Exercise2", "Exersice2\Exercise2.csproj", "{B68B3DE9-68EF-4ADF-83CC-E7C099FC6AD7}"
EndProject
Project("{FAE04EC0-301F-11D3-BF4B-00C04F79EFBC}") = "Exercise1", "Exercise1\Exercise1.csproj", "{E5855A44-56A4-4406-BBAE-93DD4C1D6E3D}"
EndProject
Project("{FAE04EC0-301F-11D3-BF4B-00C04F79EFBC}") = "Exercise3", "Exercise3\Exercise3.csproj", "{3491D8E1-8AAB-4F79-B2D8-A36C5F3D2477}"
EndProject
Project("{FAE04EC0-301F-11D3-BF4B-00C04F79EFBC}") = "Exercise4", "Exercise4\Exercise4.csproj", "{CE61A10A-EA2D-4F6A-A928-55FA7AFB4B2B}"
EndProject
Project("{FAE04EC0-301F-11D3-BF4B-00C04F79EFBC}") = "Exercise5", "Exercise5\Exercise5.csproj", "{52FC69B1-8C0B-415B-B866-8D41304DD529}"
EndProject
Project("{FAE04EC0-301F-11D3-BF4B-00C04F79EFBC}") = "Exercise6", "Exercise6\Exercise6.csproj", "{086413D1-7EBD-4015-8CC2-49A424C594E0}"
EndProject
Project("{FAE04EC0-301F-11D3-BF4B-00C04F79EFBC}") = "Exercise7", "Exercise7\Exercise7.csproj", "{F4027C75-70C0-487A-81CC-7A0BDE32EDF1}"
EndProject
Project("{FAE04EC0-301F-11D3-BF4B-00C04F79EFBC}") = "Exercise8", "Exercise8\Exercise8.csproj", "{D77BE492-E2F8-4DDD-A33D-D8FBD062E6E8}"
EndProject
Project("{FAE04EC0-301F-11D3-BF4B-00C04F79EFBC}") = "Exercise9", "Exercise9\Exercise9.csproj", "{F4CDD3CE-B339-4FBF-B19B-537D83252653}"
EndProject
Project("{FAE04EC0-301F-11D3-BF4B-00C04F79EFBC}") = "Exercise10", "Exercise10\Exercise10.csproj", "{1060B989-DBD8-42EA-A994-A012B7D649B2}"
EndProject
Project("{FAE04EC0-301F-11D3-BF4B-00C04F79EFBC}") = "Exercise11", "Exercise11\Exercise11.csproj", "{54A13D21-E97E-4D56-81C3-F8768ED197DE}"
EndProject
Project("{FAE04EC0-301F-11D3-BF4B-00C04F79EFBC}") = "Exercise12", "Exercise12\Exercise12.csproj", "{85D22CC3-C8DC-4809-9B89-9724192C28C0}"
EndProject
Global
	GlobalSection(SolutionConfigurationPlatforms) = preSolution
		Debug|Any CPU = Debug|Any CPU
		Release|Any CPU = Release|Any CPU
	EndGlobalSection
	GlobalSection(ProjectConfigurationPlatforms) = postSolution
		{B68B3DE9-68EF-4ADF-83CC-E7C099FC6AD7}.Debug|Any CPU.ActiveCfg = Debug|Any CPU
		{B68B3DE9-68EF-4ADF-83CC-E7C099FC6AD7}.Debug|Any CPU.Build.0 = Debug|Any CPU
		{B68B3DE9-68EF-4ADF-83CC-E7C099FC6AD7}.Release|Any CPU.ActiveCfg = Release|Any CPU
		{B68B3DE9-68EF-4ADF-83CC-E7C099FC6AD7}.Release|Any CPU.Build.0 = Release|Any CPU
		{E5855A44-56A4-4406-BBAE-93DD4C1D6E3D}.Debug|Any CPU.ActiveCfg = Debug|Any CPU
		{E5855A44-56A4-4406-BBAE-93DD4C1D6E3D}.Debug|Any CPU.Build.0 = Debug|Any CPU
		{E5855A44-56A4-4406-BBAE-93DD4C1D6E3D}.Release|Any CPU.ActiveCfg = Release|Any CPU
		{E5855A44-56A4-4406-BBAE-93DD4C1D6E3D}.Release|Any CPU.Build.0 = Release|Any CPU
		{3491D8E1-8AAB-4F79-B2D8-A36C5F3D2477}.Debug|Any CPU.ActiveCfg = Debug|Any CPU
		{3491D8E1-8AAB-4F79-B2D8-A36C5F3D2477}.Debug|Any CPU.Build.0 = Debug|Any CPU
		{3491D8E1-8AAB-4F79-B2D8-A36C5F3D2477}.Release|Any CPU.ActiveCfg = Release|Any CPU
		{3491D8E1-8AAB-4F79-B2D8-A36C5F3D2477}.Release|Any CPU.Build.0 = Release|Any CPU
		{CE61A10A-EA2D-4F6A-A928-55FA7AFB4B2B}.Debug|Any CPU.ActiveCfg = Debug|Any CPU
		{CE61A10A-EA2D-4F6A-A928-55FA7AFB4B2B}.Debug|Any CPU.Build.0 = Debug|Any CPU
		{CE61A10A-EA2D-4F6A-A928-55FA7AFB4B2B}.Release|Any CPU.ActiveCfg = Release|Any CPU
		{CE61A10A-EA2D-4F6A-A928-55FA7AFB4B2B}.Release|Any CPU.Build.0 = Release|Any CPU
		{52FC69B1-8C0B-415B-B866-8D41304DD529}.Debug|Any CPU.ActiveCfg = Debug|Any CPU
		{52FC69B1-8C0B-415B-B866-8D41304DD529}.Debug|Any CPU.Build.0 = Debug|Any CPU
		{52FC69B1-8C0B-415B-B866-8D41304DD529}.Release|Any CPU.ActiveCfg = Release|Any CPU
		{52FC69B1-8C0B-415B-B866-8D41304DD529}.Release|Any CPU.Build.0 = Release|Any CPU
		{086413D1-7EBD-4015-8CC2-49A424C594E0}.Debug|Any CPU.ActiveCfg = Debug|Any CPU
		{086413D1-7EBD-4015-8CC2-49A424C594E0}.Debug|Any CPU.Build.0 = Debug|Any CPU
		{086413D1-7EBD-4015-8CC2-49A424C594E0}.Release|Any CPU.ActiveCfg = Release|Any CPU
		{086413D1-7EBD-4015-8CC2-49A424C594E0}.Release|Any CPU.Build.0 = Release|Any CPU
		{F4027C75-70C0-487A-81CC-7A0BDE32EDF1}.Debug|Any CPU.ActiveCfg = Debug|Any CPU
		{F4027C75-70C0-487A-81CC-7A0BDE32EDF1}.Debug|Any CPU.Build.0 = Debug|Any CPU
		{F4027C75-70C0-487A-81CC-7A0BDE32EDF1}.Release|Any CPU.ActiveCfg = Release|Any CPU
		{F4027C75-70C0-487A-81CC-7A0BDE32EDF1}.Release|Any CPU.Build.0 = Release|Any CPU
		{D77BE492-E2F8-4DDD-A33D-D8FBD062E6E8}.Debug|Any CPU.ActiveCfg = Debug|Any CPU
		{D77BE492-E2F8-4DDD-A33D-D8FBD062E6E8}.Debug|Any CPU.Build.0 = Debug|Any CPU
		{D77BE492-E2F8-4DDD-A33D-D8FBD062E6E8}.Release|Any CPU.ActiveCfg = Release|Any CPU
		{D77BE492-E2F8-4DDD-A33D-D8FBD062E6E8}.Release|Any CPU.Build.0 = Release|Any CPU
		{F4CDD3CE-B339-4FBF-B19B-537D83252653}.Debug|Any CPU.ActiveCfg = Debug|Any CPU
		{F4CDD3CE-B339-4FBF-B19B-537D83252653}.Debug|Any CPU.Build.0 = Debug|Any CPU
		{F4CDD3CE-B339-4FBF-B19B-537D83252653}.Release|Any CPU.ActiveCfg = Release|Any CPU
		{F4CDD3CE-B339-4FBF-B19B-537D83252653}.Release|Any CPU.Build.0 = Release|Any CPU
		{1060B989-DBD8-42EA-A994-A012B7D649B2}.Debug|Any CPU.ActiveCfg = Debug|Any CPU
		{1060B989-DBD8-42EA-A994-A012B7D649B2}.Debug|Any CPU.Build.0 = Debug|Any CPU
		{1060B989-DBD8-42EA-A994-A012B7D649B2}.Release|Any CPU.ActiveCfg = Release|Any CPU
		{1060B989-DBD8-42EA-A994-A012B7D649B2}.Release|Any CPU.Build.0 = Release|Any CPU
		{54A13D21-E97E-4D56-81C3-F8768ED197DE}.Debug|Any CPU.ActiveCfg = Debug|Any CPU
		{54A13D21-E97E-4D56-81C3-F8768ED197DE}.Debug|Any CPU.Build.0 = Debug|Any CPU
		{54A13D21-E97E-4D56-81C3-F8768ED197DE}.Release|Any CPU.ActiveCfg = Release|Any CPU
		{54A13D21-E97E-4D56-81C3-F8768ED197DE}.Release|Any CPU.Build.0 = Release|Any CPU
		{85D22CC3-C8DC-4809-9B89-9724192C28C0}.Debug|Any CPU.ActiveCfg = Debug|Any CPU
		{85D22CC3-C8DC-4809-9B89-9724192C28C0}.Debug|Any CPU.Build.0 = Debug|Any CPU
		{85D22CC3-C8DC-4809-9B89-9724192C28C0}.Release|Any CPU.ActiveCfg = Release|Any CPU
		{85D22CC3-C8DC-4809-9B89-9724192C28C0}.Release|Any CPU.Build.0 = Release|Any CPU
	EndGlobalSection
	GlobalSection(SolutionProperties) = preSolution
		HideSolutionNode = FALSE
	EndGlobalSection
EndGlobal
